
Microsoft Visual Studio Solution File, Format Version 12.00
# Visual Studio 15
VisualStudioVersion = 15.0.27428.2015
MinimumVisualStudioVersion = 10.0.40219.1
Project("{FAE04EC0-301F-11D3-BF4B-00C04F79EFBC}") = "CustSilcoTime", "CustSilcoTime\CustSilcoTime.csproj", "{14970AFB-6084-448F-A250-D9D7B604F9E3}"
EndProject
Global
	GlobalSection(SolutionConfigurationPlatforms) = preSolution
		Debug|Any CPU = Debug|Any CPU
		Release|Any CPU = Release|Any CPU
	EndGlobalSection
	GlobalSection(ProjectConfigurationPlatforms) = postSolution
		{14970AFB-6084-448F-A250-D9D7B604F9E3}.Debug|Any CPU.ActiveCfg = Debug|Any CPU
		{14970AFB-6084-448F-A250-D9D7B604F9E3}.Debug|Any CPU.Build.0 = Debug|Any CPU
		{14970AFB-6084-448F-A250-D9D7B604F9E3}.Release|Any CPU.ActiveCfg = Release|Any CPU
		{14970AFB-6084-448F-A250-D9D7B604F9E3}.Release|Any CPU.Build.0 = Release|Any CPU
	EndGlobalSection
	GlobalSection(SolutionProperties) = preSolution
		HideSolutionNode = FALSE
	EndGlobalSection
	GlobalSection(ExtensibilityGlobals) = postSolution
		SolutionGuid = {7540DA86-4F96-482B-9F37-00D69FE2DF28}
	EndGlobalSection
EndGlobal
